
Microsoft Visual Studio Solution File, Format Version 12.00
# Visual Studio 15
VisualStudioVersion = 15.0.27428.2037
MinimumVisualStudioVersion = 10.0.40219.1
Project("{FAE04EC0-301F-11D3-BF4B-00C04F79EFBC}") = "CSharpPractice", "CSharpPractice\CSharpPractice.csproj", "{BA9CFF05-76AB-4AD9-95C0-995907376B61}"
EndProject
Global
	GlobalSection(SolutionConfigurationPlatforms) = preSolution
		Debug|Any CPU = Debug|Any CPU
		Release|Any CPU = Release|Any CPU
	EndGlobalSection
	GlobalSection(ProjectConfigurationPlatforms) = postSolution
		{BA9CFF05-76AB-4AD9-95C0-995907376B61}.Debug|Any CPU.ActiveCfg = Debug|Any CPU
		{BA9CFF05-76AB-4AD9-95C0-995907376B61}.Debug|Any CPU.Build.0 = Debug|Any CPU
		{BA9CFF05-76AB-4AD9-95C0-995907376B61}.Release|Any CPU.ActiveCfg = Release|Any CPU
		{BA9CFF05-76AB-4AD9-95C0-995907376B61}.Release|Any CPU.Build.0 = Release|Any CPU
	EndGlobalSection
	GlobalSection(SolutionProperties) = preSolution
		HideSolutionNode = FALSE
	EndGlobalSection
	GlobalSection(ExtensibilityGlobals) = postSolution
		SolutionGuid = {3895C3A2-7AE3-444E-A418-B7E5F1F8845A}
	EndGlobalSection
EndGlobal
